PODS:
  - ActionSheetPicker-3.0 (2.3.1)
  - AEXML (4.6.1)
  - ChameleonFramework (2.1.0):
    - ChameleonFramework/Default (= 2.1.0)
  - ChameleonFramework/Default (2.1.0)
  - Charts (4.1.0):
    - Charts/Core (= 4.1.0)
  - Charts/Core (4.1.0):
    - SwiftAlgorithms (~> 1.0)
  - Crashlytics (3.12.0):
    - Fabric (~> 1.9.0)
  - Fabric (1.9.0)
  - Introspect (0.1.4)
  - IP-UIKit-Wisdom (0.0.10)
  - KVOController (1.2.0)
  - MockingbirdFramework (0.20.0)
  - MZTimerLabel (0.5.4)
  - Nimble (10.0.0)
  - OCMock (3.9.1)
  - PureLayout (3.1.9)
  - Quick (5.0.1)
  - Realm (4.3.2):
    - Realm/Headers (= 4.3.2)
  - Realm/Headers (4.3.2)
  - RealmSwift (4.3.2):
    - Realm (= 4.3.2)
  - RxCocoa (6.2.0):
    - RxRelay (= 6.2.0)
    - RxSwift (= 6.2.0)
  - RxRelay (6.2.0):
    - RxSwift (= 6.2.0)
  - RxSwift (6.2.0)
  - SVProgressHUD (2.2.5)
  - SwiftAlgorithms (1.0.0)
  - UICircularProgressRing (4.1.0)
  - WYPopoverController (0.3.9)
  - XMLDictionary (1.4.1)

DEPENDENCIES:
  - ActionSheetPicker-3.0 (~> 2.3.0)
  - AEXML
  - ChameleonFramework (~> 2.1.0)
  - Charts (~> 4.1.0)
  - Crashlytics (~> 3.12.0)
  - Fabric (~> 1.9.0)
  - Introspect
  - IP-UIKit-Wisdom (~> 0.0.10)
  - KVOController (~> 1.2.0)
  - MockingbirdFramework (~> 0.20)
  - MZTimerLabel (~> 0.5.4)
  - Nimble
  - OCMock
  - PureLayout (~> 3.1.4)
  - Quick
  - Realm (~> 4.3.2)
  - RealmSwift
  - RxCocoa (~> 6.2.0)
  - RxSwift (~> 6.2.0)
  - SVProgressHUD (~> 2.2.5)
  - UICircularProgressRing (~> 4.1.0)
  - WYPopoverController (from `https://github.com/sammcewan/WYPopoverController.git`)
  - XMLDictionary (~> 1.4.1)

SPEC REPOS:
  https://github.com/CocoaPods/Specs.git:
    - ActionSheetPicker-3.0
    - AEXML
    - ChameleonFramework
    - Charts
    - Crashlytics
    - Fabric
    - Introspect
    - IP-UIKit-Wisdom
    - KVOController
    - MockingbirdFramework
    - MZTimerLabel
    - Nimble
    - OCMock
    - PureLayout
    - Quick
    - Realm
    - RealmSwift
    - RxCocoa
    - RxRelay
    - RxSwift
    - SVProgressHUD
    - SwiftAlgorithms
    - UICircularProgressRing
    - XMLDictionary

EXTERNAL SOURCES:
  WYPopoverController:
    :git: https://github.com/sammcewan/WYPopoverController.git

CHECKOUT OPTIONS:
  WYPopoverController:
    :commit: 9b8011bd95bd95f6fca6a0afa78965fbf645a062
    :git: https://github.com/sammcewan/WYPopoverController.git

SPEC CHECKSUMS:
  ActionSheetPicker-3.0: 2f5e3fde6b3205a7318f9338e4ec0f373ce7e75c
  AEXML: 1e255ecc6597212f97a7454a69ebd3ede64ac1cf
  ChameleonFramework: d21a3cc247abfe5e37609a283a8238b03575cf64
  Charts: ce0768268078eee0336f122c3c4ca248e4e204c5
  Crashlytics: a33af323773f73904037dc2e684cd2f0d29f4fe2
  Fabric: 09ef2d9b99b104702bede1acaf469fb8f20a9146
  Introspect: b62c4dd2063072327c21d618ef2bedc3c87bc366
  IP-UIKit-Wisdom: b395a065344071b33659e5f6b918043a97c48a44
  KVOController: d72ace34afea42468329623b3379ab3cd1d286b6
  MockingbirdFramework: 54e35fbbb47b806c1a1fae2cf3ef99f6eceb55e5
  MZTimerLabel: cd9bfb9304540ef2a9e163384fca9c978f0dbf83
  Nimble: 5316ef81a170ce87baf72dd961f22f89a602ff84
  OCMock: 9491e4bec59e0b267d52a9184ff5605995e74be8
  PureLayout: 5fb5e5429519627d60d079ccb1eaa7265ce7cf88
  Quick: 749aa754fd1e7d984f2000fe051e18a3a9809179
  Realm: 5e92902e2875dff4bb0fd02f67bb737c3d5db2bc
  RealmSwift: 9a360fc7bae04fc2e308a34fbd899d5faa2d6b22
  RxCocoa: 4baf94bb35f2c0ab31bc0cb9f1900155f646ba42
  RxRelay: e72dbfd157807478401ef1982e1c61c945c94b2f
  RxSwift: d356ab7bee873611322f134c5f9ef379fa183d8f
  SVProgressHUD: 1428aafac632c1f86f62aa4243ec12008d7a51d6
  SwiftAlgorithms: 38dda4731d19027fdeee1125f973111bf3386b53
  UICircularProgressRing: 5a32c01f54474571b1e66e8fa050c0f83d6d981b
  WYPopoverController: a9db25ac2841a686acdc0f3a99bdb21545db32f4
  XMLDictionary: fa07b6ff422b3a91d47a5de9bc82e3fc04fbd167

PODFILE CHECKSUM: ccf13e60e9ab41471864f78e72f744756afc259a

COCOAPODS: 1.12.1
