PODS:
  - ActionSheetPicker-3.0 (2.3.0)
  - ChameleonFramework (2.1.0):
    - ChameleonFramework/Default (= 2.1.0)
  - ChameleonFramework/Default (2.1.0)
  - Charts (3.3.0):
    - Charts/Core (= 3.3.0)
  - Charts/Core (3.3.0)
  - Crashlytics (3.12.0):
    - Fabric (~> 1.9.0)
  - Eddystone (1.1.3)
  - Fabric (1.9.0)
  - IP-UIKit-Wisdom (0.0.10)
  - KVOController (1.2.0)
  - MZTimerLabel (0.5.4)
  - PureLayout (3.1.4)
  - Realm (4.3.2):
    - Realm/Headers (= 4.3.2)
  - Realm/Headers (4.3.2)
  - RealmSwift (4.3.2):
    - Realm (= 4.3.2)
  - SVProgressHUD (2.2.5)
  - UICircularProgressRing (4.1.0)
  - WYPopoverController (0.2.2)
  - XMLDictionary (1.4.1)

DEPENDENCIES:
  - ActionSheetPicker-3.0 (~> 2.3.0)
  - ChameleonFramework (~> 2.1.0)
  - Charts (~> 3.3.0)
  - Crashlytics (~> 3.12.0)
  - Eddystone (from `https://github.com/IntrepidPursuits/eddystone-ios.git`, branch `nservidio/add-properties-to-Generic`)
  - Fabric (~> 1.9.0)
  - IP-UIKit-Wisdom (~> 0.0.10)
  - KVOController (~> 1.2.0)
  - MZTimerLabel (~> 0.5.4)
  - PureLayout (~> 3.1.4)
  - Realm (~> 4.3.2)
  - RealmSwift
  - SVProgressHUD (~> 2.2.5)
  - UICircularProgressRing (~> 4.1.0)
  - WYPopoverController (~> 0.2.2)
  - XMLDictionary (~> 1.4.1)

SPEC REPOS:
  https://github.com/CocoaPods/Specs.git:
    - ActionSheetPicker-3.0
    - ChameleonFramework
    - Charts
    - Crashlytics
    - Fabric
    - IP-UIKit-Wisdom
    - KVOController
    - MZTimerLabel
    - PureLayout
    - Realm
    - RealmSwift
    - SVProgressHUD
    - UICircularProgressRing
    - WYPopoverController
    - XMLDictionary

EXTERNAL SOURCES:
  Eddystone:
    :branch: nservidio/add-properties-to-Generic
    :git: https://github.com/IntrepidPursuits/eddystone-ios.git

CHECKOUT OPTIONS:
  Eddystone:
    :commit: ecbaed68ff82aecc82a52671fae17552658c2b8d
    :git: https://github.com/IntrepidPursuits/eddystone-ios.git

SPEC CHECKSUMS:
  ActionSheetPicker-3.0: eef157d75e151f255c5333d26656c7fbfe905a51
  ChameleonFramework: d21a3cc247abfe5e37609a283a8238b03575cf64
  Charts: e0dd4cd8f257bccf98407b58183ddca8e8d5b578
  Crashlytics: a33af323773f73904037dc2e684cd2f0d29f4fe2
  Eddystone: a56b4cb97540f43617d6fc488a9ff75eab1d66a4
  Fabric: 09ef2d9b99b104702bede1acaf469fb8f20a9146
  IP-UIKit-Wisdom: b395a065344071b33659e5f6b918043a97c48a44
  KVOController: d72ace34afea42468329623b3379ab3cd1d286b6
  MZTimerLabel: cd9bfb9304540ef2a9e163384fca9c978f0dbf83
  PureLayout: f08c01b8dec00bb14a1fefa3de4c7d9c265df85e
  Realm: 5e92902e2875dff4bb0fd02f67bb737c3d5db2bc
  RealmSwift: 9a360fc7bae04fc2e308a34fbd899d5faa2d6b22
  SVProgressHUD: 1428aafac632c1f86f62aa4243ec12008d7a51d6
  UICircularProgressRing: 5a32c01f54474571b1e66e8fa050c0f83d6d981b
  WYPopoverController: 00d879c25bddd1fd873dcc21aa98c8308d7f1555
  XMLDictionary: fa07b6ff422b3a91d47a5de9bc82e3fc04fbd167

PODFILE CHECKSUM: 2c4307b5fdc69d190078ca339757cbf3833d671b

COCOAPODS: 1.10.0
